// !$*UTF8*$!
{
	archiveVersion = 1;
	classes = {
	};
	objectVersion = 48;
	objects = {

/* Begin PBXBuildFile section */
		8435E01C23A86F08006A5D9F /* AppDelegate.swift in Sources */ = {isa = PBXBuildFile; fileRef = 8435E01B23A86F08006A5D9F /* AppDelegate.swift */; };
		8435E01E23A86F08006A5D9F /* ViewController.swift in Sources */ = {isa = PBXBuildFile; fileRef = 8435E01D23A86F08006A5D9F /* ViewController.swift */; };
		8435E02123A86F08006A5D9F /* Main.storyboard in Resources */ = {isa = PBXBuildFile; fileRef = 8435E01F23A86F08006A5D9F /* Main.storyboard */; };
		8435E02323A86F08006A5D9F /* Assets.xcassets in Resources */ = {isa = PBXBuildFile; fileRef = 8435E02223A86F08006A5D9F /* Assets.xcassets */; };
		8435E02623A86F08006A5D9F /* LaunchScreen.storyboard in Resources */ = {isa = PBXBuildFile; fileRef = 8435E02423A86F08006A5D9F /* LaunchScreen.storyboard */; };
		8435E03323A87348006A5D9F /* CountryModel.swift in Sources */ = {isa = PBXBuildFile; fileRef = 8435E03223A87348006A5D9F /* CountryModel.swift */; };
		8435E03523A87384006A5D9F /* ApiManager.swift in Sources */ = {isa = PBXBuildFile; fileRef = 8435E03423A87384006A5D9F /* ApiManager.swift */; };
		89771BB4BF251F8C4B4C5256 /* Pods_SujitIOSTest.framework in Frameworks */ = {isa = PBXBuildFile; fileRef = 167BEA16BDB34441A373795B /* Pods_SujitIOSTest.framework */; };
/* End PBXBuildFile section */

/* Begin PBXFileReference section */
		167BEA16BDB34441A373795B /* Pods_SujitIOSTest.framework */ = {isa = PBXFileReference; explicitFileType = wrapper.framework; includeInIndex = 0; path = Pods_SujitIOSTest.framework; sourceTree = BUILT_PRODUCTS_DIR; };
		4E8434ACBCDB6912275CD4B2 /* Pods-SujitIOSTest.debug.xcconfig */ = {isa = PBXFileReference; includeInIndex = 1; lastKnownFileType = text.xcconfig; name = "Pods-SujitIOSTest.debug.xcconfig"; path = "Target Support Files/Pods-SujitIOSTest/Pods-SujitIOSTest.debug.xcconfig"; sourceTree = "<group>"; };
		8435E01823A86F08006A5D9F /* SujitIOSTest.app */ = {isa = PBXFileReference; explicitFileType = wrapper.application; includeInIndex = 0; path = SujitIOSTest.app; sourceTree = BUILT_PRODUCTS_DIR; };
		8435E01B23A86F08006A5D9F /* AppDelegate.swift */ = {isa = PBXFileReference; lastKnownFileType = sourcecode.swift; path = AppDelegate.swift; sourceTree = "<group>"; };
		8435E01D23A86F08006A5D9F /* ViewController.swift */ = {isa = PBXFileReference; lastKnownFileType = sourcecode.swift; path = ViewController.swift; sourceTree = "<group>"; };
		8435E02023A86F08006A5D9F /* Base */ = {isa = PBXFileReference; lastKnownFileType = file.storyboard; name = Base; path = Base.lproj/Main.storyboard; sourceTree = "<group>"; };
		8435E02223A86F08006A5D9F /* Assets.xcassets */ = {isa = PBXFileReference; lastKnownFileType = folder.assetcatalog; path = Assets.xcassets; sourceTree = "<group>"; };
		8435E02523A86F08006A5D9F /* Base */ = {isa = PBXFileReference; lastKnownFileType = file.storyboard; name = Base; path = Base.lproj/LaunchScreen.storyboard; sourceTree = "<group>"; };
		8435E02723A86F08006A5D9F /* Info.plist */ = {isa = PBXFileReference; lastKnownFileType = text.plist.xml; path = Info.plist; sourceTree = "<group>"; };
		8435E03223A87348006A5D9F /* CountryModel.swift */ = {isa = PBXFileReference; lastKnownFileType = sourcecode.swift; path = CountryModel.swift; sourceTree = "<group>"; };
		8435E03423A87384006A5D9F /* ApiManager.swift */ = {isa = PBXFileReference; lastKnownFileType = sourcecode.swift; path = ApiManager.swift; sourceTree = "<group>"; };
		E8D00A53A6C615B7C99005FB /* Pods-SujitIOSTest.release.xcconfig */ = {isa = PBXFileReference; includeInIndex = 1; lastKnownFileType = text.xcconfig; name = "Pods-SujitIOSTest.release.xcconfig"; path = "Target Support Files/Pods-SujitIOSTest/Pods-SujitIOSTest.release.xcconfig"; sourceTree = "<group>"; };
/* End PBXFileReference section */

/* Begin PBXFrameworksBuildPhase section */
		8435E01523A86F08006A5D9F /* Frameworks */ = {
			isa = PBXFrameworksBuildPhase;
			buildActionMask = 2147483647;
			files = (
				89771BB4BF251F8C4B4C5256 /* Pods_SujitIOSTest.framework in Frameworks */,
			);
			runOnlyForDeploymentPostprocessing = 0;
		};
/* End PBXFrameworksBuildPhase section */

/* Begin PBXGroup section */
		4747DEC5342821ED6CFA3254 /* Pods */ = {
			isa = PBXGroup;
			children = (
				4E8434ACBCDB6912275CD4B2 /* Pods-SujitIOSTest.debug.xcconfig */,
				E8D00A53A6C615B7C99005FB /* Pods-SujitIOSTest.release.xcconfig */,
			);
			path = Pods;
			sourceTree = "<group>";
		};
		8435E00F23A86F08006A5D9F = {
			isa = PBXGroup;
			children = (
				8435E01A23A86F08006A5D9F /* SujitIOSTest */,
				8435E01923A86F08006A5D9F /* Products */,
				4747DEC5342821ED6CFA3254 /* Pods */,
				9A042782EEEB1E48CAEB6931 /* Frameworks */,
			);
			sourceTree = "<group>";
		};
		8435E01923A86F08006A5D9F /* Products */ = {
			isa = PBXGroup;
			children = (
				8435E01823A86F08006A5D9F /* SujitIOSTest.app */,
			);
			name = Products;
			sourceTree = "<group>";
		};
		8435E01A23A86F08006A5D9F /* SujitIOSTest */ = {
			isa = PBXGroup;
			children = (
				8435E02E23A8728B006A5D9F /* Model */,
				8435E02F23A87299006A5D9F /* View */,
				8435E02D23A8724D006A5D9F /* Controller */,
				8435E03023A872AA006A5D9F /* Manager */,
				8435E02723A86F08006A5D9F /* Info.plist */,
				8435E03123A872D9006A5D9F /* Helper */,
			);
			path = SujitIOSTest;
			sourceTree = "<group>";
		};
		8435E02D23A8724D006A5D9F /* Controller */ = {
			isa = PBXGroup;
			children = (
				8435E01D23A86F08006A5D9F /* ViewController.swift */,
			);
			path = Controller;
			sourceTree = "<group>";
		};
		8435E02E23A8728B006A5D9F /* Model */ = {
			isa = PBXGroup;
			children = (
				8435E03223A87348006A5D9F /* CountryModel.swift */,
			);
			path = Model;
			sourceTree = "<group>";
		};
		8435E02F23A87299006A5D9F /* View */ = {
			isa = PBXGroup;
			children = (
				8435E02423A86F08006A5D9F /* LaunchScreen.storyboard */,
				8435E01F23A86F08006A5D9F /* Main.storyboard */,
			);
			path = View;
			sourceTree = "<group>";
		};
		8435E03023A872AA006A5D9F /* Manager */ = {
			isa = PBXGroup;
			children = (
				8435E03423A87384006A5D9F /* ApiManager.swift */,
			);
			path = Manager;
			sourceTree = "<group>";
		};
		8435E03123A872D9006A5D9F /* Helper */ = {
			isa = PBXGroup;
			children = (
				8435E01B23A86F08006A5D9F /* AppDelegate.swift */,
				8435E02223A86F08006A5D9F /* Assets.xcassets */,
			);
			path = Helper;
			sourceTree = "<group>";
		};
		9A042782EEEB1E48CAEB6931 /* Frameworks */ = {
			isa = PBXGroup;
			children = (
				167BEA16BDB34441A373795B /* Pods_SujitIOSTest.framework */,
			);
			name = Frameworks;
			sourceTree = "<group>";
		};
/* End PBXGroup section */

/* Begin PBXNativeTarget section */
		8435E01723A86F08006A5D9F /* SujitIOSTest */ = {
			isa = PBXNativeTarget;
			buildConfigurationList = 8435E02A23A86F08006A5D9F /* Build configuration list for PBXNativeTarget "SujitIOSTest" */;
			buildPhases = (
				206079C1863D2D69ABDEB82C /* [CP] Check Pods Manifest.lock */,
				8435E01423A86F08006A5D9F /* Sources */,
				8435E01523A86F08006A5D9F /* Frameworks */,
				8435E01623A86F08006A5D9F /* Resources */,
				62061A160A94E67B829B1C1B /* [CP] Embed Pods Frameworks */,
			);
			buildRules = (
			);
			dependencies = (
			);
			name = SujitIOSTest;
			productName = SujitIOSTest;
			productReference = 8435E01823A86F08006A5D9F /* SujitIOSTest.app */;
			productType = "com.apple.product-type.application";
		};
/* End PBXNativeTarget section */

/* Begin PBXProject section */
		8435E01023A86F08006A5D9F /* Project object */ = {
			isa = PBXProject;
			attributes = {
				LastSwiftUpdateCheck = 0900;
				LastUpgradeCheck = 0900;
				ORGANIZATIONNAME = Admin;
				TargetAttributes = {
					8435E01723A86F08006A5D9F = {
						CreatedOnToolsVersion = 9.0.1;
						ProvisioningStyle = Automatic;
					};
				};
			};
			buildConfigurationList = 8435E01323A86F08006A5D9F /* Build configuration list for PBXProject "SujitIOSTest" */;
			compatibilityVersion = "Xcode 8.0";
			developmentRegion = en;
			hasScannedForEncodings = 0;
			knownRegions = (
				en,
				Base,
			);
			mainGroup = 8435E00F23A86F08006A5D9F;
			productRefGroup = 8435E01923A86F08006A5D9F /* Products */;
			projectDirPath = "";
			projectRoot = "";
			targets = (
				8435E01723A86F08006A5D9F /* SujitIOSTest */,
			);
		};
/* End PBXProject section */

/* Begin PBXResourcesBuildPhase section */
		8435E01623A86F08006A5D9F /* Resources */ = {
			isa = PBXResourcesBuildPhase;
			buildActionMask = 2147483647;
			files = (
				8435E02623A86F08006A5D9F /* LaunchScreen.storyboard in Resources */,
				8435E02323A86F08006A5D9F /* Assets.xcassets in Resources */,
				8435E02123A86F08006A5D9F /* Main.storyboard in Resources */,
			);
			runOnlyForDeploymentPostprocessing = 0;
		};
/* End PBXResourcesBuildPhase section */

/* Begin PBXShellScriptBuildPhase section */
		206079C1863D2D69ABDEB82C /* [CP] Check Pods Manifest.lock */ = {
			isa = PBXShellScriptBuildPhase;
			buildActionMask = 2147483647;
			files = (
			);
			inputPaths = (
				"${PODS_PODFILE_DIR_PATH}/Podfile.lock",
				"${PODS_ROOT}/Manifest.lock",
			);
			name = "[CP] Check Pods Manifest.lock";
			outputPaths = (
				"$(DERIVED_FILE_DIR)/Pods-SujitIOSTest-checkManifestLockResult.txt",
			);
			runOnlyForDeploymentPostprocessing = 0;
			shellPath = /bin/sh;
			shellScript = "diff \"${PODS_PODFILE_DIR_PATH}/Podfile.lock\" \"${PODS_ROOT}/Manifest.lock\" > /dev/null\nif [ $? != 0 ] ; then\n    # print error to STDERR\n    echo \"error: The sandbox is not in sync with the Podfile.lock. Run 'pod install' or update your CocoaPods installation.\" >&2\n    exit 1\nfi\n# This output is used by Xcode 'outputs' to avoid re-running this script phase.\necho \"SUCCESS\" > \"${SCRIPT_OUTPUT_FILE_0}\"\n";
			showEnvVarsInLog = 0;
		};
		62061A160A94E67B829B1C1B /* [CP] Embed Pods Frameworks */ = {
			isa = PBXShellScriptBuildPhase;
			buildActionMask = 2147483647;
			files = (
			);
			inputPaths = (
				"${PODS_ROOT}/Target Support Files/Pods-SujitIOSTest/Pods-SujitIOSTest-frameworks.sh",
				"${BUILT_PRODUCTS_DIR}/Alamofire/Alamofire.framework",
				"${BUILT_PRODUCTS_DIR}/Kingfisher/Kingfisher.framework",
			);
			name = "[CP] Embed Pods Frameworks";
			outputPaths = (
				"${TARGET_BUILD_DIR}/${FRAMEWORKS_FOLDER_PATH}/Alamofire.framework",
				"${TARGET_BUILD_DIR}/${FRAMEWORKS_FOLDER_PATH}/Kingfisher.framework",
			);
			runOnlyForDeploymentPostprocessing = 0;
			shellPath = /bin/sh;
			shellScript = "\"${PODS_ROOT}/Target Support Files/Pods-SujitIOSTest/Pods-SujitIOSTest-frameworks.sh\"\n";
			showEnvVarsInLog = 0;
		};
/* End PBXShellScriptBuildPhase section */

/* Begin PBXSourcesBuildPhase section */
		8435E01423A86F08006A5D9F /* Sources */ = {
			isa = PBXSourcesBuildPhase;
			buildActionMask = 2147483647;
			files = (
				8435E03523A87384006A5D9F /* ApiManager.swift in Sources */,
				8435E01E23A86F08006A5D9F /* ViewController.swift in Sources */,
				8435E01C23A86F08006A5D9F /* AppDelegate.swift in Sources */,
				8435E03323A87348006A5D9F /* CountryModel.swift in Sources */,
			);
			runOnlyForDeploymentPostprocessing = 0;
		};
/* End PBXSourcesBuildPhase section */

/* Begin PBXVariantGroup section */
		8435E01F23A86F08006A5D9F /* Main.storyboard */ = {
			isa = PBXVariantGroup;
			children = (
				8435E02023A86F08006A5D9F /* Base */,
			);
			name = Main.storyboard;
			sourceTree = "<group>";
		};
		8435E02423A86F08006A5D9F /* LaunchScreen.storyboard */ = {
			isa = PBXVariantGroup;
			children = (
				8435E02523A86F08006A5D9F /* Base */,
			);
			name = LaunchScreen.storyboard;
			sourceTree = "<group>";
		};
/* End PBXVariantGroup section */

/* Begin XCBuildConfiguration section */
		8435E02823A86F08006A5D9F /* Debug */ = {
			isa = XCBuildConfiguration;
			buildSettings = {
				ALWAYS_SEARCH_USER_PATHS = NO;
				CLANG_ANALYZER_NONNULL = YES;
				CLANG_ANALYZER_NUMBER_OBJECT_CONVERSION = YES_AGGRESSIVE;
				CLANG_CXX_LANGUAGE_STANDARD = "gnu++14";
				CLANG_CXX_LIBRARY = "libc++";
				CLANG_ENABLE_MODULES = YES;
				CLANG_ENABLE_OBJC_ARC = YES;
				CLANG_WARN_BLOCK_CAPTURE_AUTORELEASING = YES;
				CLANG_WARN_BOOL_CONVERSION = YES;
				CLANG_WARN_COMMA = YES;
				CLANG_WARN_CONSTANT_CONVERSION = YES;
				CLANG_WARN_DIRECT_OBJC_ISA_USAGE = YES_ERROR;
				CLANG_WARN_DOCUMENTATION_COMMENTS = YES;
				CLANG_WARN_EMPTY_BODY = YES;
				CLANG_WARN_ENUM_CONVERSION = YES;
				CLANG_WARN_INFINITE_RECURSION = YES;
				CLANG_WARN_INT_CONVERSION = YES;
				CLANG_WARN_NON_LITERAL_NULL_CONVERSION = YES;
				CLANG_WARN_OBJC_LITERAL_CONVERSION = YES;
				CLANG_WARN_OBJC_ROOT_CLASS = YES_ERROR;
				CLANG_WARN_RANGE_LOOP_ANALYSIS = YES;
				CLANG_WARN_STRICT_PROTOTYPES = YES;
				CLANG_WARN_SUSPICIOUS_MOVE = YES;
				CLANG_WARN_UNGUARDED_AVAILABILITY = YES_AGGRESSIVE;
				CLANG_WARN_UNREACHABLE_CODE = YES;
				CLANG_WARN__DUPLICATE_METHOD_MATCH = YES;
				CODE_SIGN_IDENTITY = "iPhone Developer";
				COPY_PHASE_STRIP = NO;
				DEBUG_INFORMATION_FORMAT = dwarf;
				ENABLE_STRICT_OBJC_MSGSEND = YES;
				ENABLE_TESTABILITY = YES;
				GCC_C_LANGUAGE_STANDARD = gnu11;
				GCC_DYNAMIC_NO_PIC = NO;
				GCC_NO_COMMON_BLOCKS = YES;
				GCC_OPTIMIZATION_LEVEL = 0;
				GCC_PREPROCESSOR_DEFINITIONS = (
					"DEBUG=1",
					"$(inherited)",
				);
				GCC_WARN_64_TO_32_BIT_CONVERSION = YES;
				GCC_WARN_ABOUT_RETURN_TYPE = YES_ERROR;
				GCC_WARN_UNDECLARED_SELECTOR = YES;
				GCC_WARN_UNINITIALIZED_AUTOS = YES_AGGRESSIVE;
				GCC_WARN_UNUSED_FUNCTION = YES;
				GCC_WARN_UNUSED_VARIABLE = YES;
				IPHONEOS_DEPLOYMENT_TARGET = 11.0;
				MTL_ENABLE_DEBUG_INFO = YES;
				ONLY_ACTIVE_ARCH = YES;
				SDKROOT = iphoneos;
				SWIFT_ACTIVE_COMPILATION_CONDITIONS = DEBUG;
				SWIFT_OPTIMIZATION_LEVEL = "-Onone";
			};
			name = Debug;
		};
		8435E02923A86F08006A5D9F /* Release */ = {
			isa = XCBuildConfiguration;
			buildSettings = {
				ALWAYS_SEARCH_USER_PATHS = NO;
				CLANG_ANALYZER_NONNULL = YES;
				CLANG_ANALYZER_NUMBER_OBJECT_CONVERSION = YES_AGGRESSIVE;
				CLANG_CXX_LANGUAGE_STANDARD = "gnu++14";
				CLANG_CXX_LIBRARY = "libc++";
				CLANG_ENABLE_MODULES = YES;
				CLANG_ENABLE_OBJC_ARC = YES;
				CLANG_WARN_BLOCK_CAPTURE_AUTORELEASING = YES;
				CLANG_WARN_BOOL_CONVERSION = YES;
				CLANG_WARN_COMMA = YES;
				CLANG_WARN_CONSTANT_CONVERSION = YES;
				CLANG_WARN_DIRECT_OBJC_ISA_USAGE = YES_ERROR;
				CLANG_WARN_DOCUMENTATION_COMMENTS = YES;
				CLANG_WARN_EMPTY_BODY = YES;
				CLANG_WARN_ENUM_CONVERSION = YES;
				CLANG_WARN_INFINITE_RECURSION = YES;
				CLANG_WARN_INT_CONVERSION = YES;
				CLANG_WARN_NON_LITERAL_NULL_CONVERSION = YES;
				CLANG_WARN_OBJC_LITERAL_CONVERSION = YES;
				CLANG_WARN_OBJC_ROOT_CLASS = YES_ERROR;
				CLANG_WARN_RANGE_LOOP_ANALYSIS = YES;
				CLANG_WARN_STRICT_PROTOTYPES = YES;
				CLANG_WARN_SUSPICIOUS_MOVE = YES;
				CLANG_WARN_UNGUARDED_AVAILABILITY = YES_AGGRESSIVE;
				CLANG_WARN_UNREACHABLE_CODE = YES;
				CLANG_WARN__DUPLICATE_METHOD_MATCH = YES;
				CODE_SIGN_IDENTITY = "iPhone Developer";
				COPY_PHASE_STRIP = NO;
				DEBUG_INFORMATION_FORMAT = "dwarf-with-dsym";
				ENABLE_NS_ASSERTIONS = NO;
				ENABLE_STRICT_OBJC_MSGSEND = YES;
				GCC_C_LANGUAGE_STANDARD = gnu11;
				GCC_NO_COMMON_BLOCKS = YES;
				GCC_WARN_64_TO_32_BIT_CONVERSION = YES;
				GCC_WARN_ABOUT_RETURN_TYPE = YES_ERROR;
				GCC_WARN_UNDECLARED_SELECTOR = YES;
				GCC_WARN_UNINITIALIZED_AUTOS = YES_AGGRESSIVE;
				GCC_WARN_UNUSED_FUNCTION = YES;
				GCC_WARN_UNUSED_VARIABLE = YES;
				IPHONEOS_DEPLOYMENT_TARGET = 11.0;
				MTL_ENABLE_DEBUG_INFO = NO;
				SDKROOT = iphoneos;
				SWIFT_OPTIMIZATION_LEVEL = "-Owholemodule";
				VALIDATE_PRODUCT = YES;
			};
			name = Release;
		};
		8435E02B23A86F08006A5D9F /* Debug */ = {
			isa = XCBuildConfiguration;
			baseConfigurationReference = 4E8434ACBCDB6912275CD4B2 /* Pods-SujitIOSTest.debug.xcconfig */;
			buildSettings = {
				ASSETCATALOG_COMPILER_APPICON_NAME = AppIcon;
				CODE_SIGN_STYLE = Automatic;
				INFOPLIST_FILE = SujitIOSTest/Info.plist;
				LD_RUNPATH_SEARCH_PATHS = "$(inherited) @executable_path/Frameworks";
				PRODUCT_BUNDLE_IDENTIFIER = sujit.SujitIOSTest;
				PRODUCT_NAME = "$(TARGET_NAME)";
				SWIFT_VERSION = 4.0;
				TARGETED_DEVICE_FAMILY = "1,2";
			};
			name = Debug;
		};
		8435E02C23A86F08006A5D9F /* Release */ = {
			isa = XCBuildConfiguration;
			baseConfigurationReference = E8D00A53A6C615B7C99005FB /* Pods-SujitIOSTest.release.xcconfig */;
			buildSettings = {
				ASSETCATALOG_COMPILER_APPICON_NAME = AppIcon;
				CODE_SIGN_STYLE = Automatic;
				INFOPLIST_FILE = SujitIOSTest/Info.plist;
				LD_RUNPATH_SEARCH_PATHS = "$(inherited) @executable_path/Frameworks";
				PRODUCT_BUNDLE_IDENTIFIER = sujit.SujitIOSTest;
				PRODUCT_NAME = "$(TARGET_NAME)";
				SWIFT_VERSION = 4.0;
				TARGETED_DEVICE_FAMILY = "1,2";
			};
			name = Release;
		};
/* End XCBuildConfiguration section */

/* Begin XCConfigurationList section */
		8435E01323A86F08006A5D9F /* Build configuration list for PBXProject "SujitIOSTest" */ = {
			isa = XCConfigurationList;
			buildConfigurations = (
				8435E02823A86F08006A5D9F /* Debug */,
				8435E02923A86F08006A5D9F /* Release */,
			);
			defaultConfigurationIsVisible = 0;
			defaultConfigurationName = Release;
		};
		8435E02A23A86F08006A5D9F /* Build configuration list for PBXNativeTarget "SujitIOSTest" */ = {
			isa = XCConfigurationList;
			buildConfigurations = (
				8435E02B23A86F08006A5D9F /* Debug */,
				8435E02C23A86F08006A5D9F /* Release */,
			);
			defaultConfigurationIsVisible = 0;
			defaultConfigurationName = Release;
		};
/* End XCConfigurationList section */
	};
	rootObject = 8435E01023A86F08006A5D9F /* Project object */;
}
