PODS:
  - Alamofire (4.7.3)
  - Kingfisher (3.13.1)

DEPENDENCIES:
  - Alamofire (~> 4.7.0)
  - Kingfisher (~> 3.0)

SPEC REPOS:
  trunk:
    - Alamofire
    - Kingfisher

SPEC CHECKSUMS:
  Alamofire: c7287b6e5d7da964a70935e5db17046b7fde6568
  Kingfisher: ed9707a409cc47fddafbcd12a43a9757e3600af5

PODFILE CHECKSUM: 2a48c7bca9a417e2f252038c47e426eff1742933

COCOAPODS: 1.8.4
